// !$*UTF8*$!
{
	archiveVersion = 1;
	classes = {
	};
	objectVersion = 55;
	objects = {

/* Begin PBXBuildFile section */
		262B53AD27FF43B50029CF3D /* main.cpp in Sources */ = {isa = PBXBuildFile; fileRef = 262B53AC27FF43B50029CF3D /* main.cpp */; };
		262B53B527FF43F30029CF3D /* SDL2.framework in Frameworks */ = {isa = PBXBuildFile; fileRef = 262B53B427FF43F20029CF3D /* SDL2.framework */; };
		262B53BB27FF4D7C0029CF3D /* Cell.cpp in Sources */ = {isa = PBXBuildFile; fileRef = 262B53B927FF4D7C0029CF3D /* Cell.cpp */; };
		262B53BD27FF55D40029CF3D /* SDL2_ttf.framework in Frameworks */ = {isa = PBXBuildFile; fileRef = 262B53BC27FF55D40029CF3D /* SDL2_ttf.framework */; };
		262B53C427FF9DA00029CF3D /* minesweeper.ttf in CopyFiles */ = {isa = PBXBuildFile; fileRef = 262B53C327FF9D830029CF3D /* minesweeper.ttf */; };
		262B53C627FF9E4A0029CF3D /* mine.bmp in CopyFiles */ = {isa = PBXBuildFile; fileRef = 262B53C527FF9E440029CF3D /* mine.bmp */; };
		262B53C8280098D60029CF3D /* flag.bmp in CopyFiles */ = {isa = PBXBuildFile; fileRef = 262B53C7280098D10029CF3D /* flag.bmp */; };
		262B53CA2800A2A30029CF3D /* mineHL.bmp in CopyFiles */ = {isa = PBXBuildFile; fileRef = 262B53C92800A29E0029CF3D /* mineHL.bmp */; };
		262B53CD2800C7390029CF3D /* deadbtn.bmp in CopyFiles */ = {isa = PBXBuildFile; fileRef = 262B53CB2800C72E0029CF3D /* deadbtn.bmp */; };
		262B53CE2800C7390029CF3D /* smilebtn.bmp in CopyFiles */ = {isa = PBXBuildFile; fileRef = 262B53CC2800C72E0029CF3D /* smilebtn.bmp */; };
		262B53D028020A7F0029CF3D /* winbtn.bmp in CopyFiles */ = {isa = PBXBuildFile; fileRef = 262B53CF28020A790029CF3D /* winbtn.bmp */; };
/* End PBXBuildFile section */

/* Begin PBXCopyFilesBuildPhase section */
		262B53A727FF43B50029CF3D /* CopyFiles */ = {
			isa = PBXCopyFilesBuildPhase;
			buildActionMask = 12;
			dstPath = "";
			dstSubfolderSpec = 7;
			files = (
				262B53D028020A7F0029CF3D /* winbtn.bmp in CopyFiles */,
				262B53CD2800C7390029CF3D /* deadbtn.bmp in CopyFiles */,
				262B53CE2800C7390029CF3D /* smilebtn.bmp in CopyFiles */,
				262B53CA2800A2A30029CF3D /* mineHL.bmp in CopyFiles */,
				262B53C8280098D60029CF3D /* flag.bmp in CopyFiles */,
				262B53C627FF9E4A0029CF3D /* mine.bmp in CopyFiles */,
				262B53C427FF9DA00029CF3D /* minesweeper.ttf in CopyFiles */,
			);
			runOnlyForDeploymentPostprocessing = 0;
		};
/* End PBXCopyFilesBuildPhase section */

/* Begin PBXFileReference section */
		262B53A927FF43B50029CF3D /* minesweeper */ = {isa = PBXFileReference; explicitFileType = "compiled.mach-o.executable"; includeInIndex = 0; path = minesweeper; sourceTree = BUILT_PRODUCTS_DIR; };
		262B53AC27FF43B50029CF3D /* main.cpp */ = {isa = PBXFileReference; lastKnownFileType = sourcecode.cpp.cpp; path = main.cpp; sourceTree = "<group>"; };
		262B53B427FF43F20029CF3D /* SDL2.framework */ = {isa = PBXFileReference; lastKnownFileType = wrapper.framework; name = SDL2.framework; path = ../../../../Library/Frameworks/SDL2.framework; sourceTree = "<group>"; };
		262B53B827FF43F80029CF3D /* minesweeper.entitlements */ = {isa = PBXFileReference; lastKnownFileType = text.plist.entitlements; path = minesweeper.entitlements; sourceTree = "<group>"; };
		262B53B927FF4D7C0029CF3D /* Cell.cpp */ = {isa = PBXFileReference; lastKnownFileType = sourcecode.cpp.cpp; path = Cell.cpp; sourceTree = "<group>"; };
		262B53BA27FF4D7C0029CF3D /* Cell.hpp */ = {isa = PBXFileReference; lastKnownFileType = sourcecode.cpp.h; path = Cell.hpp; sourceTree = "<group>"; };
		262B53BC27FF55D40029CF3D /* SDL2_ttf.framework */ = {isa = PBXFileReference; lastKnownFileType = wrapper.framework; name = SDL2_ttf.framework; path = ../../../../Library/Frameworks/SDL2_ttf.framework; sourceTree = "<group>"; };
		262B53C327FF9D830029CF3D /* minesweeper.ttf */ = {isa = PBXFileReference; lastKnownFileType = file; path = minesweeper.ttf; sourceTree = "<group>"; };
		262B53C527FF9E440029CF3D /* mine.bmp */ = {isa = PBXFileReference; lastKnownFileType = image.bmp; path = mine.bmp; sourceTree = "<group>"; };
		262B53C7280098D10029CF3D /* flag.bmp */ = {isa = PBXFileReference; lastKnownFileType = image.bmp; path = flag.bmp; sourceTree = "<group>"; };
		262B53C92800A29E0029CF3D /* mineHL.bmp */ = {isa = PBXFileReference; lastKnownFileType = image.bmp; path = mineHL.bmp; sourceTree = "<group>"; };
		262B53CB2800C72E0029CF3D /* deadbtn.bmp */ = {isa = PBXFileReference; lastKnownFileType = image.bmp; path = deadbtn.bmp; sourceTree = "<group>"; };
		262B53CC2800C72E0029CF3D /* smilebtn.bmp */ = {isa = PBXFileReference; lastKnownFileType = image.bmp; path = smilebtn.bmp; sourceTree = "<group>"; };
		262B53CF28020A790029CF3D /* winbtn.bmp */ = {isa = PBXFileReference; lastKnownFileType = image.bmp; path = winbtn.bmp; sourceTree = "<group>"; };
		262B53D1280327360029CF3D /* README.md */ = {isa = PBXFileReference; lastKnownFileType = net.daringfireball.markdown; path = README.md; sourceTree = "<group>"; };
/* End PBXFileReference section */

/* Begin PBXFrameworksBuildPhase section */
		262B53A627FF43B50029CF3D /* Frameworks */ = {
			isa = PBXFrameworksBuildPhase;
			buildActionMask = 2147483647;
			files = (
				262B53BD27FF55D40029CF3D /* SDL2_ttf.framework in Frameworks */,
				262B53B527FF43F30029CF3D /* SDL2.framework in Frameworks */,
			);
			runOnlyForDeploymentPostprocessing = 0;
		};
/* End PBXFrameworksBuildPhase section */

/* Begin PBXGroup section */
		262B53A027FF43B50029CF3D = {
			isa = PBXGroup;
			children = (
				262B53D1280327360029CF3D /* README.md */,
				262B53AB27FF43B50029CF3D /* minesweeper */,
				262B53AA27FF43B50029CF3D /* Products */,
				262B53B327FF43F20029CF3D /* Frameworks */,
			);
			sourceTree = "<group>";
		};
		262B53AA27FF43B50029CF3D /* Products */ = {
			isa = PBXGroup;
			children = (
				262B53A927FF43B50029CF3D /* minesweeper */,
			);
			name = Products;
			sourceTree = "<group>";
		};
		262B53AB27FF43B50029CF3D /* minesweeper */ = {
			isa = PBXGroup;
			children = (
				262B53C027FF56780029CF3D /* assets */,
				262B53B827FF43F80029CF3D /* minesweeper.entitlements */,
				262B53AC27FF43B50029CF3D /* main.cpp */,
				262B53B927FF4D7C0029CF3D /* Cell.cpp */,
				262B53BA27FF4D7C0029CF3D /* Cell.hpp */,
			);
			path = minesweeper;
			sourceTree = "<group>";
		};
		262B53B327FF43F20029CF3D /* Frameworks */ = {
			isa = PBXGroup;
			children = (
				262B53BC27FF55D40029CF3D /* SDL2_ttf.framework */,
				262B53B427FF43F20029CF3D /* SDL2.framework */,
			);
			name = Frameworks;
			sourceTree = "<group>";
		};
		262B53C027FF56780029CF3D /* assets */ = {
			isa = PBXGroup;
			children = (
				262B53CB2800C72E0029CF3D /* deadbtn.bmp */,
				262B53CC2800C72E0029CF3D /* smilebtn.bmp */,
				262B53C92800A29E0029CF3D /* mineHL.bmp */,
				262B53CF28020A790029CF3D /* winbtn.bmp */,
				262B53C7280098D10029CF3D /* flag.bmp */,
				262B53C327FF9D830029CF3D /* minesweeper.ttf */,
				262B53C527FF9E440029CF3D /* mine.bmp */,
			);
			path = assets;
			sourceTree = "<group>";
		};
/* End PBXGroup section */

/* Begin PBXNativeTarget section */
		262B53A827FF43B50029CF3D /* minesweeper */ = {
			isa = PBXNativeTarget;
			buildConfigurationList = 262B53B027FF43B50029CF3D /* Build configuration list for PBXNativeTarget "minesweeper" */;
			buildPhases = (
				262B53A527FF43B50029CF3D /* Sources */,
				262B53A627FF43B50029CF3D /* Frameworks */,
				262B53A727FF43B50029CF3D /* CopyFiles */,
			);
			buildRules = (
			);
			dependencies = (
			);
			name = minesweeper;
			productName = minesweeper;
			productReference = 262B53A927FF43B50029CF3D /* minesweeper */;
			productType = "com.apple.product-type.tool";
		};
/* End PBXNativeTarget section */

/* Begin PBXProject section */
		262B53A127FF43B50029CF3D /* Project object */ = {
			isa = PBXProject;
			attributes = {
				BuildIndependentTargetsInParallel = 1;
				LastUpgradeCheck = 1330;
				TargetAttributes = {
					262B53A827FF43B50029CF3D = {
						CreatedOnToolsVersion = 13.3;
					};
				};
			};
			buildConfigurationList = 262B53A427FF43B50029CF3D /* Build configuration list for PBXProject "minesweeper" */;
			compatibilityVersion = "Xcode 13.0";
			developmentRegion = en;
			hasScannedForEncodings = 0;
			knownRegions = (
				en,
				Base,
			);
			mainGroup = 262B53A027FF43B50029CF3D;
			productRefGroup = 262B53AA27FF43B50029CF3D /* Products */;
			projectDirPath = "";
			projectRoot = "";
			targets = (
				262B53A827FF43B50029CF3D /* minesweeper */,
			);
		};
/* End PBXProject section */

/* Begin PBXSourcesBuildPhase section */
		262B53A527FF43B50029CF3D /* Sources */ = {
			isa = PBXSourcesBuildPhase;
			buildActionMask = 2147483647;
			files = (
				262B53AD27FF43B50029CF3D /* main.cpp in Sources */,
				262B53BB27FF4D7C0029CF3D /* Cell.cpp in Sources */,
			);
			runOnlyForDeploymentPostprocessing = 0;
		};
/* End PBXSourcesBuildPhase section */

/* Begin XCBuildConfiguration section */
		262B53AE27FF43B50029CF3D /* Debug */ = {
			isa = XCBuildConfiguration;
			buildSettings = {
				ALWAYS_SEARCH_USER_PATHS = NO;
				CLANG_ANALYZER_NONNULL = YES;
				CLANG_ANALYZER_NUMBER_OBJECT_CONVERSION = YES_AGGRESSIVE;
				CLANG_CXX_LANGUAGE_STANDARD = "gnu++17";
				CLANG_ENABLE_MODULES = YES;
				CLANG_ENABLE_OBJC_ARC = YES;
				CLANG_ENABLE_OBJC_WEAK = YES;
				CLANG_WARN_BLOCK_CAPTURE_AUTORELEASING = YES;
				CLANG_WARN_BOOL_CONVERSION = YES;
				CLANG_WARN_COMMA = YES;
				CLANG_WARN_CONSTANT_CONVERSION = YES;
				CLANG_WARN_DEPRECATED_OBJC_IMPLEMENTATIONS = YES;
				CLANG_WARN_DIRECT_OBJC_ISA_USAGE = YES_ERROR;
				CLANG_WARN_DOCUMENTATION_COMMENTS = YES;
				CLANG_WARN_EMPTY_BODY = YES;
				CLANG_WARN_ENUM_CONVERSION = YES;
				CLANG_WARN_INFINITE_RECURSION = YES;
				CLANG_WARN_INT_CONVERSION = YES;
				CLANG_WARN_NON_LITERAL_NULL_CONVERSION = YES;
				CLANG_WARN_OBJC_IMPLICIT_RETAIN_SELF = YES;
				CLANG_WARN_OBJC_LITERAL_CONVERSION = YES;
				CLANG_WARN_OBJC_ROOT_CLASS = YES_ERROR;
				CLANG_WARN_QUOTED_INCLUDE_IN_FRAMEWORK_HEADER = YES;
				CLANG_WARN_RANGE_LOOP_ANALYSIS = YES;
				CLANG_WARN_STRICT_PROTOTYPES = YES;
				CLANG_WARN_SUSPICIOUS_MOVE = YES;
				CLANG_WARN_UNGUARDED_AVAILABILITY = YES_AGGRESSIVE;
				CLANG_WARN_UNREACHABLE_CODE = YES;
				CLANG_WARN__DUPLICATE_METHOD_MATCH = YES;
				COPY_PHASE_STRIP = NO;
				DEBUG_INFORMATION_FORMAT = dwarf;
				ENABLE_STRICT_OBJC_MSGSEND = YES;
				ENABLE_TESTABILITY = YES;
				GCC_C_LANGUAGE_STANDARD = gnu11;
				GCC_DYNAMIC_NO_PIC = NO;
				GCC_NO_COMMON_BLOCKS = YES;
				GCC_OPTIMIZATION_LEVEL = 0;
				GCC_PREPROCESSOR_DEFINITIONS = (
					"DEBUG=1",
					"$(inherited)",
				);
				GCC_WARN_64_TO_32_BIT_CONVERSION = YES;
				GCC_WARN_ABOUT_RETURN_TYPE = YES_ERROR;
				GCC_WARN_UNDECLARED_SELECTOR = YES;
				GCC_WARN_UNINITIALIZED_AUTOS = YES_AGGRESSIVE;
				GCC_WARN_UNUSED_FUNCTION = YES;
				GCC_WARN_UNUSED_VARIABLE = YES;
				MACOSX_DEPLOYMENT_TARGET = 12.0;
				MTL_ENABLE_DEBUG_INFO = INCLUDE_SOURCE;
				MTL_FAST_MATH = YES;
				ONLY_ACTIVE_ARCH = YES;
				SDKROOT = macosx;
			};
			name = Debug;
		};
		262B53AF27FF43B50029CF3D /* Release */ = {
			isa = XCBuildConfiguration;
			buildSettings = {
				ALWAYS_SEARCH_USER_PATHS = NO;
				CLANG_ANALYZER_NONNULL = YES;
				CLANG_ANALYZER_NUMBER_OBJECT_CONVERSION = YES_AGGRESSIVE;
				CLANG_CXX_LANGUAGE_STANDARD = "gnu++17";
				CLANG_ENABLE_MODULES = YES;
				CLANG_ENABLE_OBJC_ARC = YES;
				CLANG_ENABLE_OBJC_WEAK = YES;
				CLANG_WARN_BLOCK_CAPTURE_AUTORELEASING = YES;
				CLANG_WARN_BOOL_CONVERSION = YES;
				CLANG_WARN_COMMA = YES;
				CLANG_WARN_CONSTANT_CONVERSION = YES;
				CLANG_WARN_DEPRECATED_OBJC_IMPLEMENTATIONS = YES;
				CLANG_WARN_DIRECT_OBJC_ISA_USAGE = YES_ERROR;
				CLANG_WARN_DOCUMENTATION_COMMENTS = YES;
				CLANG_WARN_EMPTY_BODY = YES;
				CLANG_WARN_ENUM_CONVERSION = YES;
				CLANG_WARN_INFINITE_RECURSION = YES;
				CLANG_WARN_INT_CONVERSION = YES;
				CLANG_WARN_NON_LITERAL_NULL_CONVERSION = YES;
				CLANG_WARN_OBJC_IMPLICIT_RETAIN_SELF = YES;
				CLANG_WARN_OBJC_LITERAL_CONVERSION = YES;
				CLANG_WARN_OBJC_ROOT_CLASS = YES_ERROR;
				CLANG_WARN_QUOTED_INCLUDE_IN_FRAMEWORK_HEADER = YES;
				CLANG_WARN_RANGE_LOOP_ANALYSIS = YES;
				CLANG_WARN_STRICT_PROTOTYPES = YES;
				CLANG_WARN_SUSPICIOUS_MOVE = YES;
				CLANG_WARN_UNGUARDED_AVAILABILITY = YES_AGGRESSIVE;
				CLANG_WARN_UNREACHABLE_CODE = YES;
				CLANG_WARN__DUPLICATE_METHOD_MATCH = YES;
				COPY_PHASE_STRIP = NO;
				DEBUG_INFORMATION_FORMAT = "dwarf-with-dsym";
				ENABLE_NS_ASSERTIONS = NO;
				ENABLE_STRICT_OBJC_MSGSEND = YES;
				GCC_C_LANGUAGE_STANDARD = gnu11;
				GCC_NO_COMMON_BLOCKS = YES;
				GCC_WARN_64_TO_32_BIT_CONVERSION = YES;
				GCC_WARN_ABOUT_RETURN_TYPE = YES_ERROR;
				GCC_WARN_UNDECLARED_SELECTOR = YES;
				GCC_WARN_UNINITIALIZED_AUTOS = YES_AGGRESSIVE;
				GCC_WARN_UNUSED_FUNCTION = YES;
				GCC_WARN_UNUSED_VARIABLE = YES;
				MACOSX_DEPLOYMENT_TARGET = 12.0;
				MTL_ENABLE_DEBUG_INFO = NO;
				MTL_FAST_MATH = YES;
				SDKROOT = macosx;
			};
			name = Release;
		};
		262B53B127FF43B50029CF3D /* Debug */ = {
			isa = XCBuildConfiguration;
			buildSettings = {
				CODE_SIGN_ENTITLEMENTS = minesweeper/minesweeper.entitlements;
				CODE_SIGN_STYLE = Automatic;
				DEVELOPMENT_TEAM = R3WSLZUG53;
				ENABLE_HARDENED_RUNTIME = YES;
				FRAMEWORK_SEARCH_PATHS = (
					"$(inherited)",
					"$(LOCAL_LIBRARY_DIR)/Frameworks",
				);
				HEADER_SEARCH_PATHS = /Library/Frameworks/SDL2_ttf.framework/Versions/A/Headers/;
				PRODUCT_NAME = "$(TARGET_NAME)";
			};
			name = Debug;
		};
		262B53B227FF43B50029CF3D /* Release */ = {
			isa = XCBuildConfiguration;
			buildSettings = {
				CODE_SIGN_ENTITLEMENTS = minesweeper/minesweeper.entitlements;
				CODE_SIGN_STYLE = Automatic;
				DEVELOPMENT_TEAM = R3WSLZUG53;
				ENABLE_HARDENED_RUNTIME = YES;
				FRAMEWORK_SEARCH_PATHS = (
					"$(inherited)",
					"$(LOCAL_LIBRARY_DIR)/Frameworks",
				);
				HEADER_SEARCH_PATHS = /Library/Frameworks/SDL2_ttf.framework/Versions/A/Headers/;
				PRODUCT_NAME = "$(TARGET_NAME)";
			};
			name = Release;
		};
/* End XCBuildConfiguration section */

/* Begin XCConfigurationList section */
		262B53A427FF43B50029CF3D /* Build configuration list for PBXProject "minesweeper" */ = {
			isa = XCConfigurationList;
			buildConfigurations = (
				262B53AE27FF43B50029CF3D /* Debug */,
				262B53AF27FF43B50029CF3D /* Release */,
			);
			defaultConfigurationIsVisible = 0;
			defaultConfigurationName = Release;
		};
		262B53B027FF43B50029CF3D /* Build configuration list for PBXNativeTarget "minesweeper" */ = {
			isa = XCConfigurationList;
			buildConfigurations = (
				262B53B127FF43B50029CF3D /* Debug */,
				262B53B227FF43B50029CF3D /* Release */,
			);
			defaultConfigurationIsVisible = 0;
			defaultConfigurationName = Release;
		};
/* End XCConfigurationList section */
	};
	rootObject = 262B53A127FF43B50029CF3D /* Project object */;
}
